
Microsoft Visual Studio Solution File, Format Version 12.00
# Visual Studio Version 17
VisualStudioVersion = 17.7.34221.43
MinimumVisualStudioVersion = 10.0.40219.1
Project("{9A19103F-16F7-4668-BE54-9A1E7A4F7556}") = "currency-exchange-maui", "currency-exchange-maui\currency-exchange-maui.csproj", "{0989AC6A-259F-44CB-B245-287A78CE2286}"
EndProject
Project("{9A19103F-16F7-4668-BE54-9A1E7A4F7556}") = "api-access", "api-access\api-access.csproj", "{F02964EC-032D-4067-802A-964282C51F92}"
EndProject
Global
	GlobalSection(SolutionConfigurationPlatforms) = preSolution
		Debug|Any CPU = Debug|Any CPU
		Release|Any CPU = Release|Any CPU
	EndGlobalSection
	GlobalSection(ProjectConfigurationPlatforms) = postSolution
		{0989AC6A-259F-44CB-B245-287A78CE2286}.Debug|Any CPU.ActiveCfg = Debug|Any CPU
		{0989AC6A-259F-44CB-B245-287A78CE2286}.Debug|Any CPU.Build.0 = Debug|Any CPU
		{0989AC6A-259F-44CB-B245-287A78CE2286}.Debug|Any CPU.Deploy.0 = Debug|Any CPU
		{0989AC6A-259F-44CB-B245-287A78CE2286}.Release|Any CPU.ActiveCfg = Release|Any CPU
		{0989AC6A-259F-44CB-B245-287A78CE2286}.Release|Any CPU.Build.0 = Release|Any CPU
		{F02964EC-032D-4067-802A-964282C51F92}.Debug|Any CPU.ActiveCfg = Debug|Any CPU
		{F02964EC-032D-4067-802A-964282C51F92}.Debug|Any CPU.Build.0 = Debug|Any CPU
		{F02964EC-032D-4067-802A-964282C51F92}.Release|Any CPU.ActiveCfg = Release|Any CPU
		{F02964EC-032D-4067-802A-964282C51F92}.Release|Any CPU.Build.0 = Release|Any CPU
	EndGlobalSection
	GlobalSection(SolutionProperties) = preSolution
		HideSolutionNode = FALSE
	EndGlobalSection
EndGlobal
