
Microsoft Visual Studio Solution File, Format Version 12.00
Project("{FAE04EC0-301F-11D3-BF4B-00C04F79EFBC}") = "currency-exchange-maui", "currency-exchange-maui\currency-exchange-maui.csproj", "{0989AC6A-259F-44CB-B245-287A78CE2286}"
EndProject
Global
	GlobalSection(SolutionConfigurationPlatforms) = preSolution
		Debug|Any CPU = Debug|Any CPU
		Release|Any CPU = Release|Any CPU
	EndGlobalSection
	GlobalSection(ProjectConfigurationPlatforms) = postSolution
		{0989AC6A-259F-44CB-B245-287A78CE2286}.Debug|Any CPU.ActiveCfg = Debug|Any CPU
		{0989AC6A-259F-44CB-B245-287A78CE2286}.Debug|Any CPU.Build.0 = Debug|Any CPU
		{0989AC6A-259F-44CB-B245-287A78CE2286}.Release|Any CPU.ActiveCfg = Release|Any CPU
		{0989AC6A-259F-44CB-B245-287A78CE2286}.Release|Any CPU.Build.0 = Release|Any CPU
	EndGlobalSection
EndGlobal
